{
  "name": "deep-chess-server",
  "version": "1.0.0",
  "lockfileVersion": 1,
  "requires": true,
  "dependencies": {
    "@rfalaize/deep-chess-engine": {
      "version": "1.0.2",
      "resolved": "https://registry.npmjs.org/@rfalaize/deep-chess-engine/-/deep-chess-engine-1.0.2.tgz",
      "integrity": "sha512-HBSDbrD9IFgb3nc+SBMXblrqre39VBLArlKUY76wfBTp3vW95QmQp8j2EQj7oxnp6bytPsOFV6RYSAHpUKE8IQ=="
    }
  }
}
